
Microsoft Visual Studio Solution File, Format Version 12.00
# Visual Studio Version 16
VisualStudioVersion = 25.0.1706.9
MinimumVisualStudioVersion = 10.0.40219.1
Project("{FAE04EC0-301F-11D3-BF4B-00C04F79EFBC}") = "EntityBegin", "EntityBegin\EntityBegin.csproj", "{B7A3BC0E-E962-43C1-A4DC-FADF120C3648}"
EndProject
Global
	GlobalSection(SolutionConfigurationPlatforms) = preSolution
		Debug|Any CPU = Debug|Any CPU
		Release|Any CPU = Release|Any CPU
	EndGlobalSection
	GlobalSection(ProjectConfigurationPlatforms) = postSolution
		{B7A3BC0E-E962-43C1-A4DC-FADF120C3648}.Debug|Any CPU.ActiveCfg = Debug|Any CPU
		{B7A3BC0E-E962-43C1-A4DC-FADF120C3648}.Debug|Any CPU.Build.0 = Debug|Any CPU
		{B7A3BC0E-E962-43C1-A4DC-FADF120C3648}.Release|Any CPU.ActiveCfg = Release|Any CPU
		{B7A3BC0E-E962-43C1-A4DC-FADF120C3648}.Release|Any CPU.Build.0 = Release|Any CPU
	EndGlobalSection
	GlobalSection(SolutionProperties) = preSolution
		HideSolutionNode = FALSE
	EndGlobalSection
	GlobalSection(ExtensibilityGlobals) = postSolution
		SolutionGuid = {F2B409C0-4A09-4569-BC20-CC69E784EF29}
	EndGlobalSection
EndGlobal
